
Microsoft Visual Studio Solution File, Format Version 12.00
# Visual Studio Version 16
VisualStudioVersion = 16.0.29215.179
MinimumVisualStudioVersion = 10.0.40219.1
Project("{FAE04EC0-301F-11D3-BF4B-00C04F79EFBC}") = "bfitts17301b1", "bfitts1730ex1b\bfitts17301b1.csproj", "{91CD3FDE-6A9D-40A7-A9FB-891098B2FF90}"
EndProject
Project("{FAE04EC0-301F-11D3-BF4B-00C04F79EFBC}") = "bfitts17301c1", "bfitts17301c1\bfitts17301c1.csproj", "{44BE3158-2E59-4234-A874-430ADD29C1FC}"
EndProject
Project("{FAE04EC0-301F-11D3-BF4B-00C04F79EFBC}") = "bfitts17301d1", "bfitts1d1\bfitts17301d1.csproj", "{1A83B814-330E-487D-A56E-23EAF429F9AB}"
EndProject
Project("{FAE04EC0-301F-11D3-BF4B-00C04F79EFBC}") = "bfitts17301e1", "bfitts17301e1\bfitts17301e1.csproj", "{B3E64B17-A070-42E4-B8EF-3BCCEF33FEAA}"
EndProject
Project("{FAE04EC0-301F-11D3-BF4B-00C04F79EFBC}") = "bfitts17301f1", "bfitts17301f1\bfitts17301f1.csproj", "{14DF1C77-C002-434B-AEA3-8EE323A53724}"
EndProject
Project("{FAE04EC0-301F-11D3-BF4B-00C04F79EFBC}") = "bfitts17301g1", "bfitts17301g1\bfitts17301g1.csproj", "{6D97F121-25FA-4489-922F-D5431B94C92E}"
EndProject
Project("{FAE04EC0-301F-11D3-BF4B-00C04F79EFBC}") = "bfitts17302A1", "bfitts17302A1\bfitts17302A1.csproj", "{DDB587AF-1822-46AD-AAA9-968FAFA3C44A}"
EndProject
Global
	GlobalSection(SolutionConfigurationPlatforms) = preSolution
		Debug|Any CPU = Debug|Any CPU
		Release|Any CPU = Release|Any CPU
	EndGlobalSection
	GlobalSection(ProjectConfigurationPlatforms) = postSolution
		{91CD3FDE-6A9D-40A7-A9FB-891098B2FF90}.Debug|Any CPU.ActiveCfg = Debug|Any CPU
		{91CD3FDE-6A9D-40A7-A9FB-891098B2FF90}.Debug|Any CPU.Build.0 = Debug|Any CPU
		{91CD3FDE-6A9D-40A7-A9FB-891098B2FF90}.Release|Any CPU.ActiveCfg = Release|Any CPU
		{91CD3FDE-6A9D-40A7-A9FB-891098B2FF90}.Release|Any CPU.Build.0 = Release|Any CPU
		{44BE3158-2E59-4234-A874-430ADD29C1FC}.Debug|Any CPU.ActiveCfg = Debug|Any CPU
		{44BE3158-2E59-4234-A874-430ADD29C1FC}.Debug|Any CPU.Build.0 = Debug|Any CPU
		{44BE3158-2E59-4234-A874-430ADD29C1FC}.Release|Any CPU.ActiveCfg = Release|Any CPU
		{44BE3158-2E59-4234-A874-430ADD29C1FC}.Release|Any CPU.Build.0 = Release|Any CPU
		{1A83B814-330E-487D-A56E-23EAF429F9AB}.Debug|Any CPU.ActiveCfg = Debug|Any CPU
		{1A83B814-330E-487D-A56E-23EAF429F9AB}.Debug|Any CPU.Build.0 = Debug|Any CPU
		{1A83B814-330E-487D-A56E-23EAF429F9AB}.Release|Any CPU.ActiveCfg = Release|Any CPU
		{1A83B814-330E-487D-A56E-23EAF429F9AB}.Release|Any CPU.Build.0 = Release|Any CPU
		{B3E64B17-A070-42E4-B8EF-3BCCEF33FEAA}.Debug|Any CPU.ActiveCfg = Debug|Any CPU
		{B3E64B17-A070-42E4-B8EF-3BCCEF33FEAA}.Debug|Any CPU.Build.0 = Debug|Any CPU
		{B3E64B17-A070-42E4-B8EF-3BCCEF33FEAA}.Release|Any CPU.ActiveCfg = Release|Any CPU
		{B3E64B17-A070-42E4-B8EF-3BCCEF33FEAA}.Release|Any CPU.Build.0 = Release|Any CPU
		{14DF1C77-C002-434B-AEA3-8EE323A53724}.Debug|Any CPU.ActiveCfg = Debug|Any CPU
		{14DF1C77-C002-434B-AEA3-8EE323A53724}.Debug|Any CPU.Build.0 = Debug|Any CPU
		{14DF1C77-C002-434B-AEA3-8EE323A53724}.Release|Any CPU.ActiveCfg = Release|Any CPU
		{14DF1C77-C002-434B-AEA3-8EE323A53724}.Release|Any CPU.Build.0 = Release|Any CPU
		{6D97F121-25FA-4489-922F-D5431B94C92E}.Debug|Any CPU.ActiveCfg = Debug|Any CPU
		{6D97F121-25FA-4489-922F-D5431B94C92E}.Debug|Any CPU.Build.0 = Debug|Any CPU
		{6D97F121-25FA-4489-922F-D5431B94C92E}.Release|Any CPU.ActiveCfg = Release|Any CPU
		{6D97F121-25FA-4489-922F-D5431B94C92E}.Release|Any CPU.Build.0 = Release|Any CPU
		{DDB587AF-1822-46AD-AAA9-968FAFA3C44A}.Debug|Any CPU.ActiveCfg = Debug|Any CPU
		{DDB587AF-1822-46AD-AAA9-968FAFA3C44A}.Debug|Any CPU.Build.0 = Debug|Any CPU
		{DDB587AF-1822-46AD-AAA9-968FAFA3C44A}.Release|Any CPU.ActiveCfg = Release|Any CPU
		{DDB587AF-1822-46AD-AAA9-968FAFA3C44A}.Release|Any CPU.Build.0 = Release|Any CPU
	EndGlobalSection
	GlobalSection(SolutionProperties) = preSolution
		HideSolutionNode = FALSE
	EndGlobalSection
	GlobalSection(ExtensibilityGlobals) = postSolution
		SolutionGuid = {9418FC32-9BD8-49FF-A0DD-3719BB4775B8}
	EndGlobalSection
EndGlobal
